
Microsoft Visual Studio Solution File, Format Version 12.00
# Visual Studio Version 16
VisualStudioVersion = 16.0.30204.135
MinimumVisualStudioVersion = 10.0.40219.1
Project("{FAE04EC0-301F-11D3-BF4B-00C04F79EFBC}") = "MediaApi", "MediaApi\MediaApi.csproj", "{10270D23-2721-4F0E-B337-5219A2E877C9}"
EndProject
Global
	GlobalSection(SolutionConfigurationPlatforms) = preSolution
		Debug|Any CPU = Debug|Any CPU
		Release|Any CPU = Release|Any CPU
	EndGlobalSection
	GlobalSection(ProjectConfigurationPlatforms) = postSolution
		{10270D23-2721-4F0E-B337-5219A2E877C9}.Debug|Any CPU.ActiveCfg = Debug|Any CPU
		{10270D23-2721-4F0E-B337-5219A2E877C9}.Debug|Any CPU.Build.0 = Debug|Any CPU
		{10270D23-2721-4F0E-B337-5219A2E877C9}.Release|Any CPU.ActiveCfg = Release|Any CPU
		{10270D23-2721-4F0E-B337-5219A2E877C9}.Release|Any CPU.Build.0 = Release|Any CPU
	EndGlobalSection
	GlobalSection(SolutionProperties) = preSolution
		HideSolutionNode = FALSE
	EndGlobalSection
	GlobalSection(ExtensibilityGlobals) = postSolution
		SolutionGuid = {A4A7F131-1843-4C9C-9B36-672AAD836ACC}
	EndGlobalSection
EndGlobal
